
Microsoft Visual Studio Solution File, Format Version 12.00
# Visual Studio 15
VisualStudioVersion = 15.0.27428.2037
MinimumVisualStudioVersion = 10.0.40219.1
Project("{888888A0-9F3D-457C-B088-3A5042F75D52}") = "Tennessee Legislation Web Scraping", "Tennessee Legislation Web Scraping\Tennessee Legislation Web Scraping.pyproj", "{E750CC7D-6BDC-4008-B046-FC63D8C86F75}"
EndProject
Global
	GlobalSection(SolutionConfigurationPlatforms) = preSolution
		Debug|Any CPU = Debug|Any CPU
		Release|Any CPU = Release|Any CPU
	EndGlobalSection
	GlobalSection(ProjectConfigurationPlatforms) = postSolution
		{E750CC7D-6BDC-4008-B046-FC63D8C86F75}.Debug|Any CPU.ActiveCfg = Debug|Any CPU
		{E750CC7D-6BDC-4008-B046-FC63D8C86F75}.Release|Any CPU.ActiveCfg = Release|Any CPU
	EndGlobalSection
	GlobalSection(SolutionProperties) = preSolution
		HideSolutionNode = FALSE
	EndGlobalSection
	GlobalSection(ExtensibilityGlobals) = postSolution
		SolutionGuid = {D8419AE4-43BA-442B-8057-3F83717AE4B6}
	EndGlobalSection
EndGlobal
